
Microsoft Visual Studio Solution File, Format Version 12.00
# Visual Studio Version 17
VisualStudioVersion = 17.12.35527.113 d17.12
MinimumVisualStudioVersion = 10.0.40219.1
Project("{FAE04EC0-301F-11D3-BF4B-00C04F79EFBC}") = "De_01", "De_01\De_01.csproj", "{6F72EDCF-0ED7-4C4D-BDA1-2E37348D9073}"
EndProject
Global
	GlobalSection(SolutionConfigurationPlatforms) = preSolution
		Debug|Any CPU = Debug|Any CPU
		Release|Any CPU = Release|Any CPU
	EndGlobalSection
	GlobalSection(ProjectConfigurationPlatforms) = postSolution
		{6F72EDCF-0ED7-4C4D-BDA1-2E37348D9073}.Debug|Any CPU.ActiveCfg = Debug|Any CPU
		{6F72EDCF-0ED7-4C4D-BDA1-2E37348D9073}.Debug|Any CPU.Build.0 = Debug|Any CPU
		{6F72EDCF-0ED7-4C4D-BDA1-2E37348D9073}.Release|Any CPU.ActiveCfg = Release|Any CPU
		{6F72EDCF-0ED7-4C4D-BDA1-2E37348D9073}.Release|Any CPU.Build.0 = Release|Any CPU
	EndGlobalSection
	GlobalSection(SolutionProperties) = preSolution
		HideSolutionNode = FALSE
	EndGlobalSection
EndGlobal
